
Microsoft Visual Studio Solution File, Format Version 12.00
# Visual Studio Version 17
VisualStudioVersion = 17.3.32901.215
MinimumVisualStudioVersion = 10.0.40219.1
Project("{FAE04EC0-301F-11D3-BF4B-00C04F79EFBC}") = "DEMO1", "DEMO1\DEMO1.csproj", "{C7C87C0A-9E4D-485A-9DD2-2969E639A429}"
EndProject
Global
	GlobalSection(SolutionConfigurationPlatforms) = preSolution
		Debug|Any CPU = Debug|Any CPU
		Release|Any CPU = Release|Any CPU
	EndGlobalSection
	GlobalSection(ProjectConfigurationPlatforms) = postSolution
		{C7C87C0A-9E4D-485A-9DD2-2969E639A429}.Debug|Any CPU.ActiveCfg = Debug|Any CPU
		{C7C87C0A-9E4D-485A-9DD2-2969E639A429}.Debug|Any CPU.Build.0 = Debug|Any CPU
		{C7C87C0A-9E4D-485A-9DD2-2969E639A429}.Release|Any CPU.ActiveCfg = Release|Any CPU
		{C7C87C0A-9E4D-485A-9DD2-2969E639A429}.Release|Any CPU.Build.0 = Release|Any CPU
	EndGlobalSection
	GlobalSection(SolutionProperties) = preSolution
		HideSolutionNode = FALSE
	EndGlobalSection
	GlobalSection(ExtensibilityGlobals) = postSolution
		SolutionGuid = {F2E16874-920E-4A66-A5FB-ABA341C286FD}
	EndGlobalSection
EndGlobal
